// !$*UTF8*$!
{
	archiveVersion = 1;
	classes = {
	};
	objectVersion = 56;
	objects = {

/* Begin PBXBuildFile section */
		AA0000000000000000000001 /* TaskSnapApp.swift in Sources */ = {isa = PBXBuildFile; fileRef = AA1000000000000000000001 /* TaskSnapApp.swift */; };
		AA0000000000000000000002 /* PersistenceController.swift in Sources */ = {isa = PBXBuildFile; fileRef = AA1000000000000000000002 /* PersistenceController.swift */; };
		AA0000000000000000000003 /* Task.swift in Sources */ = {isa = PBXBuildFile; fileRef = AA1000000000000000000003 /* Task.swift */; };
		AA0000000000000000000004 /* StreakManager.swift in Sources */ = {isa = PBXBuildFile; fileRef = AA1000000000000000000004 /* StreakManager.swift */; };
		AA0000000000000000000005 /* Achievement.swift in Sources */ = {isa = PBXBuildFile; fileRef = AA1000000000000000000005 /* Achievement.swift */; };
		AA0000000000000000000006 /* ImageClassificationService.swift in Sources */ = {isa = PBXBuildFile; fileRef = AA1000000000000000000006 /* ImageClassificationService.swift */; };
		AA0000000000000000000007 /* TaskViewModel.swift in Sources */ = {isa = PBXBuildFile; fileRef = AA1000000000000000000007 /* TaskViewModel.swift */; };
		AA0000000000000000000008 /* CaptureViewModel.swift in Sources */ = {isa = PBXBuildFile; fileRef = AA1000000000000000000008 /* CaptureViewModel.swift */; };
		AA0000000000000000000009 /* GamificationViewModel.swift in Sources */ = {isa = PBXBuildFile; fileRef = AA1000000000000000000009 /* GamificationViewModel.swift */; };
		AA000000000000000000000A /* ContentView.swift in Sources */ = {isa = PBXBuildFile; fileRef = AA100000000000000000000A /* ContentView.swift */; };
		AA000000000000000000000B /* DashboardView.swift in Sources */ = {isa = PBXBuildFile; fileRef = AA100000000000000000000B /* DashboardView.swift */; };
		AA000000000000000000000C /* CaptureView.swift in Sources */ = {isa = PBXBuildFile; fileRef = AA100000000000000000000C /* CaptureView.swift */; };
		AA000000000000000000000D /* TaskDetailView.swift in Sources */ = {isa = PBXBuildFile; fileRef = AA100000000000000000000D /* TaskDetailView.swift */; };
		AA000000000000000000000E /* VictoryView.swift in Sources */ = {isa = PBXBuildFile; fileRef = AA100000000000000000000E /* VictoryView.swift */; };
		AA0000000000000000000065 /* OnboardingView.swift in Sources */ = {isa = PBXBuildFile; fileRef = AA1000000000000000000066 /* OnboardingView.swift */; };
		AA000000000000000000000F /* AchievementView.swift in Sources */ = {isa = PBXBuildFile; fileRef = AA100000000000000000000F /* AchievementView.swift */; };
		AA0000000000000000000010 /* StreakView.swift in Sources */ = {isa = PBXBuildFile; fileRef = AA1000000000000000000010 /* StreakView.swift */; };
		AA0000000000000000000011 /* ConfettiView.swift in Sources */ = {isa = PBXBuildFile; fileRef = AA1000000000000000000011 /* ConfettiView.swift */; };
		AA0000000000000000000012 /* UrgencyGlow.swift in Sources */ = {isa = PBXBuildFile; fileRef = AA1000000000000000000012 /* UrgencyGlow.swift */; };
		AA0000000000000000000013 /* Extensions.swift in Sources */ = {isa = PBXBuildFile; fileRef = AA1000000000000000000013 /* Extensions.swift */; };
		AA0000000000000000000014 /* Haptics.swift in Sources */ = {isa = PBXBuildFile; fileRef = AA1000000000000000000014 /* Haptics.swift */; };
		AA0000000000000000000015 /* Assets.xcassets in Resources */ = {isa = PBXBuildFile; fileRef = AA1000000000000000000015 /* Assets.xcassets */; };
		AA0000000000000000000016 /* TaskSnap.xcdatamodeld in Sources */ = {isa = PBXBuildFile; fileRef = AA1000000000000000000016 /* TaskSnap.xcdatamodeld */; };
		AA0000000000000000000017 /* CoreData.framework in Frameworks */ = {isa = PBXBuildFile; fileRef = AA1000000000000000000017 /* CoreData.framework */; };
		AA0000000000000000000018 /* CoreML.framework in Frameworks */ = {isa = PBXBuildFile; fileRef = AA1000000000000000000018 /* CoreML.framework */; };
		AA0000000000000000000019 /* Vision.framework in Frameworks */ = {isa = PBXBuildFile; fileRef = AA1000000000000000000019 /* Vision.framework */; };
		AA000000000000000000001A /* SwiftUI.framework in Frameworks */ = {isa = PBXBuildFile; fileRef = AA100000000000000000001A /* SwiftUI.framework */; };
		AA000000000000000000001B /* Combine.framework in Frameworks */ = {isa = PBXBuildFile; fileRef = AA100000000000000000001B /* Combine.framework */; };
		AA000000000000000000001C /* WidgetKit.framework in Frameworks */ = {isa = PBXBuildFile; fileRef = AA100000000000000000001C /* WidgetKit.framework */; };
		AA000000000000000000001D /* TaskSnapWidgets.swift in Sources */ = {isa = PBXBuildFile; fileRef = AA100000000000000000001D /* TaskSnapWidgets.swift */; };
		AA000000000000000000001E /* SwiftUI.framework in Frameworks */ = {isa = PBXBuildFile; fileRef = AA100000000000000000001A /* SwiftUI.framework */; };
		AA000000000000000000001F /* WidgetKit.framework in Frameworks */ = {isa = PBXBuildFile; fileRef = AA100000000000000000001C /* WidgetKit.framework */; };
		AA0000000000000000000020 /* TaskSnapWidgetsExtension.appex in Embed Foundation Extensions */ = {isa = PBXBuildFile; fileRef = AA2000000000000000000001 /* TaskSnapWidgetsExtension.appex */; settings = {ATTRIBUTES = (RemoveHeadersOnCopy, ); }; };
		AA0000000000000000000055 /* AVFoundation.framework in Frameworks */ = {isa = PBXBuildFile; fileRef = AA1000000000000000000056 /* AVFoundation.framework */; };
		AA0000000000000000000057 /* CameraView.swift in Sources */ = {isa = PBXBuildFile; fileRef = AA1000000000000000000058 /* CameraView.swift */; };
		AA0000000000000000000059 /* FocusTimerView.swift in Sources */ = {isa = PBXBuildFile; fileRef = AA1000000000000000000060 /* FocusTimerView.swift */; };
		AA0000000000000000000062 /* TaskLimitManager.swift in Sources */ = {isa = PBXBuildFile; fileRef = AA1000000000000000000061 /* TaskLimitManager.swift */; };
		AA0000000000000000000063 /* DoneTodayGalleryView.swift in Sources */ = {isa = PBXBuildFile; fileRef = AA1000000000000000000064 /* DoneTodayGalleryView.swift */; };
		AA0000000000000000000071 /* A_SharedAchievementUI.swift in Sources */ = {isa = PBXBuildFile; fileRef = AA1000000000000000000072 /* A_SharedAchievementUI.swift */; };
		AA0000000000000000000073 /* A_AchievementNotification.swift in Sources */ = {isa = PBXBuildFile; fileRef = AA1000000000000000000074 /* A_AchievementNotification.swift */; };
/* End PBXBuildFile section */

/* Begin PBXContainerItemProxy section */
		AA3000000000000000000001 /* PBXContainerItemProxy */ = {
			isa = PBXContainerItemProxy;
			containerPortal = AA4000000000000000000001 /* Project object */;
			proxyType = 1;
			remoteGlobalIDString = AA2000000000000000000002;
			remoteInfo = TaskSnapWidgetsExtension;
		};
/* End PBXContainerItemProxy section */

/* Begin PBXCopyFilesBuildPhase section */
		AA0000000000000000000021 /* Embed Foundation Extensions */ = {
			isa = PBXCopyFilesBuildPhase;
			buildActionMask = 2147483647;
			dstPath = "";
			dstSubfolderSpec = 13;
			files = (
				AA0000000000000000000020 /* TaskSnapWidgetsExtension.appex in Embed Foundation Extensions */,
			);
			name = "Embed Foundation Extensions";
			runOnlyForDeploymentPostprocessing = 0;
		};
/* End PBXCopyFilesBuildPhase section */

/* Begin PBXFileReference section */
		AA1000000000000000000001 /* TaskSnapApp.swift */ = {isa = PBXFileReference; lastKnownFileType = sourcecode.swift; path = TaskSnapApp.swift; sourceTree = "<group>"; };
		AA1000000000000000000002 /* PersistenceController.swift */ = {isa = PBXFileReference; lastKnownFileType = sourcecode.swift; path = PersistenceController.swift; sourceTree = "<group>"; };
		AA1000000000000000000003 /* Task.swift */ = {isa = PBXFileReference; lastKnownFileType = sourcecode.swift; path = Task.swift; sourceTree = "<group>"; };
		AA1000000000000000000004 /* StreakManager.swift */ = {isa = PBXFileReference; lastKnownFileType = sourcecode.swift; path = StreakManager.swift; sourceTree = "<group>"; };
		AA1000000000000000000005 /* Achievement.swift */ = {isa = PBXFileReference; lastKnownFileType = sourcecode.swift; path = Achievement.swift; sourceTree = "<group>"; };
		AA1000000000000000000006 /* ImageClassificationService.swift */ = {isa = PBXFileReference; lastKnownFileType = sourcecode.swift; path = ImageClassificationService.swift; sourceTree = "<group>"; };
		AA1000000000000000000007 /* TaskViewModel.swift */ = {isa = PBXFileReference; lastKnownFileType = sourcecode.swift; path = TaskViewModel.swift; sourceTree = "<group>"; };
		AA1000000000000000000008 /* CaptureViewModel.swift */ = {isa = PBXFileReference; lastKnownFileType = sourcecode.swift; path = CaptureViewModel.swift; sourceTree = "<group>"; };
		AA1000000000000000000009 /* GamificationViewModel.swift */ = {isa = PBXFileReference; lastKnownFileType = sourcecode.swift; path = GamificationViewModel.swift; sourceTree = "<group>"; };
		AA100000000000000000000A /* ContentView.swift */ = {isa = PBXFileReference; lastKnownFileType = sourcecode.swift; path = ContentView.swift; sourceTree = "<group>"; };
		AA100000000000000000000B /* DashboardView.swift */ = {isa = PBXFileReference; lastKnownFileType = sourcecode.swift; path = DashboardView.swift; sourceTree = "<group>"; };
		AA100000000000000000000C /* CaptureView.swift */ = {isa = PBXFileReference; lastKnownFileType = sourcecode.swift; path = CaptureView.swift; sourceTree = "<group>"; };
		AA100000000000000000000D /* TaskDetailView.swift */ = {isa = PBXFileReference; lastKnownFileType = sourcecode.swift; path = TaskDetailView.swift; sourceTree = "<group>"; };
		AA100000000000000000000E /* VictoryView.swift */ = {isa = PBXFileReference; lastKnownFileType = sourcecode.swift; path = VictoryView.swift; sourceTree = "<group>"; };
		AA1000000000000000000066 /* OnboardingView.swift */ = {isa = PBXFileReference; lastKnownFileType = sourcecode.swift; path = OnboardingView.swift; sourceTree = "<group>"; };
		AA100000000000000000000F /* AchievementView.swift */ = {isa = PBXFileReference; lastKnownFileType = sourcecode.swift; path = AchievementView.swift; sourceTree = "<group>"; };
		AA1000000000000000000010 /* StreakView.swift */ = {isa = PBXFileReference; lastKnownFileType = sourcecode.swift; path = StreakView.swift; sourceTree = "<group>"; };
		AA1000000000000000000011 /* ConfettiView.swift */ = {isa = PBXFileReference; lastKnownFileType = sourcecode.swift; path = ConfettiView.swift; sourceTree = "<group>"; };
		AA1000000000000000000012 /* UrgencyGlow.swift */ = {isa = PBXFileReference; lastKnownFileType = sourcecode.swift; path = UrgencyGlow.swift; sourceTree = "<group>"; };
		AA1000000000000000000013 /* Extensions.swift */ = {isa = PBXFileReference; lastKnownFileType = sourcecode.swift; path = Extensions.swift; sourceTree = "<group>"; };
		AA1000000000000000000014 /* Haptics.swift */ = {isa = PBXFileReference; lastKnownFileType = sourcecode.swift; path = Haptics.swift; sourceTree = "<group>"; };
		AA1000000000000000000015 /* Assets.xcassets */ = {isa = PBXFileReference; lastKnownFileType = folder.assetcatalog; path = Assets.xcassets; sourceTree = "<group>"; };
		AA1000000000000000000017 /* CoreData.framework */ = {isa = PBXFileReference; lastKnownFileType = wrapper.framework; name = CoreData.framework; path = System/Library/Frameworks/CoreData.framework; sourceTree = SDKROOT; };
		AA1000000000000000000018 /* CoreML.framework */ = {isa = PBXFileReference; lastKnownFileType = wrapper.framework; name = CoreML.framework; path = System/Library/Frameworks/CoreML.framework; sourceTree = SDKROOT; };
		AA1000000000000000000019 /* Vision.framework */ = {isa = PBXFileReference; lastKnownFileType = wrapper.framework; name = Vision.framework; path = System/Library/Frameworks/Vision.framework; sourceTree = SDKROOT; };
		AA100000000000000000001A /* SwiftUI.framework */ = {isa = PBXFileReference; lastKnownFileType = wrapper.framework; name = SwiftUI.framework; path = System/Library/Frameworks/SwiftUI.framework; sourceTree = SDKROOT; };
		AA100000000000000000001B /* Combine.framework */ = {isa = PBXFileReference; lastKnownFileType = wrapper.framework; name = Combine.framework; path = System/Library/Frameworks/Combine.framework; sourceTree = SDKROOT; };
		AA100000000000000000001C /* WidgetKit.framework */ = {isa = PBXFileReference; lastKnownFileType = wrapper.framework; name = WidgetKit.framework; path = System/Library/Frameworks/WidgetKit.framework; sourceTree = SDKROOT; };
		AA100000000000000000001D /* TaskSnapWidgets.swift */ = {isa = PBXFileReference; lastKnownFileType = sourcecode.swift; path = TaskSnapWidgets.swift; sourceTree = "<group>"; };
		AA100000000000000000001E /* Info.plist */ = {isa = PBXFileReference; lastKnownFileType = text.plist.xml; path = Info.plist; sourceTree = "<group>"; };
		AA100000000000000000001F /* Info.plist */ = {isa = PBXFileReference; lastKnownFileType = text.plist.xml; path = Info.plist; sourceTree = "<group>"; };
		AA1000000000000000000020 /* TaskSnap.app */ = {isa = PBXFileReference; explicitFileType = wrapper.application; includeInIndex = 0; path = TaskSnap.app; sourceTree = BUILT_PRODUCTS_DIR; };
		AA1000000000000000000050 /* TaskSnap.xcdatamodel */ = {isa = PBXFileReference; lastKnownFileType = wrapper.xcdatamodel; path = TaskSnap.xcdatamodel; sourceTree = "<group>"; };
		AA1000000000000000000056 /* AVFoundation.framework */ = {isa = PBXFileReference; lastKnownFileType = wrapper.framework; name = AVFoundation.framework; path = System/Library/Frameworks/AVFoundation.framework; sourceTree = SDKROOT; };
		AA1000000000000000000058 /* CameraView.swift */ = {isa = PBXFileReference; lastKnownFileType = sourcecode.swift; path = CameraView.swift; sourceTree = "<group>"; };
		AA1000000000000000000060 /* FocusTimerView.swift */ = {isa = PBXFileReference; lastKnownFileType = sourcecode.swift; path = FocusTimerView.swift; sourceTree = "<group>"; };
		AA1000000000000000000061 /* TaskLimitManager.swift */ = {isa = PBXFileReference; lastKnownFileType = sourcecode.swift; path = TaskLimitManager.swift; sourceTree = "<group>"; };
		AA1000000000000000000064 /* DoneTodayGalleryView.swift */ = {isa = PBXFileReference; lastKnownFileType = sourcecode.swift; path = DoneTodayGalleryView.swift; sourceTree = "<group>"; };
		AA1000000000000000000068 /* AA_AchievementToastView.swift */ = {isa = PBXFileReference; lastKnownFileType = sourcecode.swift; path = AA_AchievementToastView.swift; sourceTree = "<group>"; };
		AA1000000000000000000070 /* AA_AchievementNotificationManager.swift */ = {isa = PBXFileReference; lastKnownFileType = sourcecode.swift; path = AA_AchievementNotificationManager.swift; sourceTree = "<group>"; };
		AA1000000000000000000072 /* A_SharedAchievementUI.swift */ = {isa = PBXFileReference; lastKnownFileType = sourcecode.swift; path = A_SharedAchievementUI.swift; sourceTree = "<group>"; };
		AA1000000000000000000074 /* A_AchievementNotification.swift */ = {isa = PBXFileReference; lastKnownFileType = sourcecode.swift; path = A_AchievementNotification.swift; sourceTree = "<group>"; };
		AA2000000000000000000001 /* TaskSnapWidgetsExtension.appex */ = {isa = PBXFileReference; explicitFileType = "wrapper.app-extension"; includeInIndex = 0; path = TaskSnapWidgetsExtension.appex; sourceTree = BUILT_PRODUCTS_DIR; };
/* End PBXFileReference section */

/* Begin PBXFrameworksBuildPhase section */
		AA0000000000000000000022 /* Frameworks */ = {
			isa = PBXFrameworksBuildPhase;
			buildActionMask = 2147483647;
			files = (
				AA0000000000000000000017 /* CoreData.framework in Frameworks */,
				AA0000000000000000000018 /* CoreML.framework in Frameworks */,
				AA0000000000000000000055 /* AVFoundation.framework in Frameworks */,
				AA0000000000000000000019 /* Vision.framework in Frameworks */,
				AA000000000000000000001A /* SwiftUI.framework in Frameworks */,
				AA000000000000000000001B /* Combine.framework in Frameworks */,
				AA000000000000000000001C /* WidgetKit.framework in Frameworks */,
			);
			runOnlyForDeploymentPostprocessing = 0;
		};
		AA0000000000000000000023 /* Frameworks */ = {
			isa = PBXFrameworksBuildPhase;
			buildActionMask = 2147483647;
			files = (
				AA000000000000000000001E /* SwiftUI.framework in Frameworks */,
				AA000000000000000000001F /* WidgetKit.framework in Frameworks */,
			);
			runOnlyForDeploymentPostprocessing = 0;
		};
/* End PBXFrameworksBuildPhase section */

/* Begin PBXGroup section */
		AA5000000000000000000001 = {
			isa = PBXGroup;
			children = (
				AA5000000000000000000002 /* TaskSnap */,
				AA5000000000000000000003 /* TaskSnapWidgets */,
				AA5000000000000000000004 /* Frameworks */,
				AA5000000000000000000005 /* Products */,
			);
			sourceTree = "<group>";
		};
		AA5000000000000000000002 /* TaskSnap */ = {
			isa = PBXGroup;
			children = (
				AA1000000000000000000001 /* TaskSnapApp.swift */,
				AA1000000000000000000002 /* PersistenceController.swift */,
				AA1000000000000000000072 /* A_SharedAchievementUI.swift */,
				AA1000000000000000000074 /* A_AchievementNotification.swift */,
				AA1000000000000000000016 /* TaskSnap.xcdatamodeld */,
				AA5000000000000000000006 /* Models */,
				AA5000000000000000000007 /* Services */,
				AA5000000000000000000008 /* ViewModels */,
				AA5000000000000000000009 /* Views */,
				AA500000000000000000000A /* Utils */,
				AA1000000000000000000015 /* Assets.xcassets */,
				AA100000000000000000001F /* Info.plist */,
			);
			path = TaskSnap;
			sourceTree = "<group>";
		};
		AA5000000000000000000003 /* TaskSnapWidgets */ = {
			isa = PBXGroup;
			children = (
				AA100000000000000000001D /* TaskSnapWidgets.swift */,
				AA100000000000000000001E /* Info.plist */,
			);
			path = TaskSnapWidgets;
			sourceTree = "<group>";
		};
		AA5000000000000000000004 /* Frameworks */ = {
			isa = PBXGroup;
			children = (
				AA1000000000000000000017 /* CoreData.framework */,
				AA1000000000000000000018 /* CoreML.framework */,
				AA1000000000000000000056 /* AVFoundation.framework */,
				AA1000000000000000000019 /* Vision.framework */,
				AA100000000000000000001A /* SwiftUI.framework */,
				AA100000000000000000001B /* Combine.framework */,
				AA100000000000000000001C /* WidgetKit.framework */,
			);
			name = Frameworks;
			sourceTree = "<group>";
		};
		AA5000000000000000000005 /* Products */ = {
			isa = PBXGroup;
			children = (
				AA1000000000000000000020 /* TaskSnap.app */,
				AA2000000000000000000001 /* TaskSnapWidgetsExtension.appex */,
			);
			name = Products;
			sourceTree = "<group>";
		};
		AA5000000000000000000006 /* Models */ = {
			isa = PBXGroup;
			children = (
				AA1000000000000000000003 /* Task.swift */,
				AA1000000000000000000061 /* TaskLimitManager.swift */,
				AA1000000000000000000004 /* StreakManager.swift */,
				AA1000000000000000000005 /* Achievement.swift */,
			);
			path = Models;
			sourceTree = "<group>";
		};
		AA5000000000000000000007 /* Services */ = {
			isa = PBXGroup;
			children = (
				AA1000000000000000000006 /* ImageClassificationService.swift */,
				AA1000000000000000000070 /* AA_AchievementNotificationManager.swift */,
			);
			path = Services;
			sourceTree = "<group>";
		};
		AA5000000000000000000008 /* ViewModels */ = {
			isa = PBXGroup;
			children = (
				AA1000000000000000000007 /* TaskViewModel.swift */,
				AA1000000000000000000008 /* CaptureViewModel.swift */,
				AA1000000000000000000009 /* GamificationViewModel.swift */,
			);
			path = ViewModels;
			sourceTree = "<group>";
		};
		AA5000000000000000000009 /* Views */ = {
			isa = PBXGroup;
			children = (
				AA100000000000000000000A /* ContentView.swift */,
				AA100000000000000000000B /* DashboardView.swift */,
				AA100000000000000000000C /* CaptureView.swift */,
				AA100000000000000000000D /* TaskDetailView.swift */,
				AA100000000000000000000E /* VictoryView.swift */,
				AA1000000000000000000066 /* OnboardingView.swift */,
				AA1000000000000000000064 /* DoneTodayGalleryView.swift */,
				AA100000000000000000000F /* AchievementView.swift */,
				AA1000000000000000000010 /* StreakView.swift */,
				AA1000000000000000000011 /* ConfettiView.swift */,
				AA1000000000000000000012 /* UrgencyGlow.swift */,
				AA1000000000000000000058 /* CameraView.swift */,
				AA1000000000000000000060 /* FocusTimerView.swift */,
			);
			path = Views;
			sourceTree = "<group>";
		};
		AA500000000000000000000A /* Utils */ = {
			isa = PBXGroup;
			children = (
				AA1000000000000000000013 /* Extensions.swift */,
				AA1000000000000000000014 /* Haptics.swift */,
			);
			path = Utils;
			sourceTree = "<group>";
		};
/* End PBXGroup section */

/* Begin PBXNativeTarget section */
		AA2000000000000000000002 /* TaskSnap */ = {
			isa = PBXNativeTarget;
			buildConfigurationList = AA6000000000000000000001 /* Build configuration list for PBXNativeTarget "TaskSnap" */;
			buildPhases = (
				AA0000000000000000000024 /* Sources */,
				AA0000000000000000000025 /* Resources */,
				AA0000000000000000000022 /* Frameworks */,
				AA0000000000000000000021 /* Embed Foundation Extensions */,
			);
			buildRules = (
			);
			dependencies = (
				AA3000000000000000000002 /* PBXTargetDependency */,
			);
			name = TaskSnap;
			productName = TaskSnap;
			productReference = AA1000000000000000000020 /* TaskSnap.app */;
			productType = "com.apple.product-type.application";
		};
		AA2000000000000000000003 /* TaskSnapWidgetsExtension */ = {
			isa = PBXNativeTarget;
			buildConfigurationList = AA6000000000000000000002 /* Build configuration list for PBXNativeTarget "TaskSnapWidgetsExtension" */;
			buildPhases = (
				AA0000000000000000000026 /* Sources */,
				AA0000000000000000000027 /* Resources */,
				AA0000000000000000000023 /* Frameworks */,
			);
			buildRules = (
			);
			dependencies = (
			);
			name = TaskSnapWidgetsExtension;
			productName = TaskSnapWidgetsExtension;
			productReference = AA2000000000000000000001 /* TaskSnapWidgetsExtension.appex */;
			productType = "com.apple.product-type.app-extension";
		};
/* End PBXNativeTarget section */

/* Begin PBXProject section */
		AA4000000000000000000001 /* Project object */ = {
			isa = PBXProject;
			attributes = {
				BuildIndependentTargetsInParallel = 1;
				LastSwiftUpdateCheck = 1500;
				LastUpgradeCheck = 2620;
				TargetAttributes = {
					AA2000000000000000000002 = {
						CreatedOnToolsVersion = 15.0;
					};
					AA2000000000000000000003 = {
						CreatedOnToolsVersion = 15.0;
					};
				};
			};
			buildConfigurationList = AA6000000000000000000003 /* Build configuration list for PBXProject "TaskSnap" */;
			compatibilityVersion = "Xcode 14.0";
			developmentRegion = en;
			hasScannedForEncodings = 0;
			knownRegions = (
				en,
				Base,
			);
			mainGroup = AA5000000000000000000001;
			productRefGroup = AA5000000000000000000005 /* Products */;
			projectDirPath = "";
			projectRoot = "";
			targets = (
				AA2000000000000000000002 /* TaskSnap */,
				AA2000000000000000000003 /* TaskSnapWidgetsExtension */,
			);
		};
/* End PBXProject section */

/* Begin PBXResourcesBuildPhase section */
		AA0000000000000000000025 /* Resources */ = {
			isa = PBXResourcesBuildPhase;
			buildActionMask = 2147483647;
			files = (
				AA0000000000000000000015 /* Assets.xcassets in Resources */,
			);
			runOnlyForDeploymentPostprocessing = 0;
		};
		AA0000000000000000000027 /* Resources */ = {
			isa = PBXResourcesBuildPhase;
			buildActionMask = 2147483647;
			files = (
			);
			runOnlyForDeploymentPostprocessing = 0;
		};
/* End PBXResourcesBuildPhase section */

/* Begin PBXSourcesBuildPhase section */
		AA0000000000000000000024 /* Sources */ = {
			isa = PBXSourcesBuildPhase;
			buildActionMask = 2147483647;
			files = (
				AA0000000000000000000001 /* TaskSnapApp.swift in Sources */,
				AA0000000000000000000071 /* A_SharedAchievementUI.swift in Sources */,
				AA0000000000000000000073 /* A_AchievementNotification.swift in Sources */,
				AA0000000000000000000002 /* PersistenceController.swift in Sources */,
				AA0000000000000000000003 /* Task.swift in Sources */,
				AA0000000000000000000062 /* TaskLimitManager.swift in Sources */,
				AA0000000000000000000004 /* StreakManager.swift in Sources */,
				AA0000000000000000000005 /* Achievement.swift in Sources */,
				AA0000000000000000000006 /* ImageClassificationService.swift in Sources */,
				AA0000000000000000000007 /* TaskViewModel.swift in Sources */,
				AA0000000000000000000008 /* CaptureViewModel.swift in Sources */,
				AA0000000000000000000009 /* GamificationViewModel.swift in Sources */,
				AA000000000000000000000A /* ContentView.swift in Sources */,
				AA000000000000000000000B /* DashboardView.swift in Sources */,
				AA000000000000000000000C /* CaptureView.swift in Sources */,
				AA000000000000000000000D /* TaskDetailView.swift in Sources */,
				AA000000000000000000000E /* VictoryView.swift in Sources */,
				AA0000000000000000000065 /* OnboardingView.swift in Sources */,
				AA0000000000000000000063 /* DoneTodayGalleryView.swift in Sources */,
				AA000000000000000000000F /* AchievementView.swift in Sources */,
				AA0000000000000000000010 /* StreakView.swift in Sources */,
				AA0000000000000000000011 /* ConfettiView.swift in Sources */,
				AA0000000000000000000012 /* UrgencyGlow.swift in Sources */,
				AA0000000000000000000057 /* CameraView.swift in Sources */,
				AA0000000000000000000059 /* FocusTimerView.swift in Sources */,

				AA0000000000000000000013 /* Extensions.swift in Sources */,
				AA0000000000000000000014 /* Haptics.swift in Sources */,
				AA0000000000000000000016 /* TaskSnap.xcdatamodeld in Sources */,
			);
			runOnlyForDeploymentPostprocessing = 0;
		};
		AA0000000000000000000026 /* Sources */ = {
			isa = PBXSourcesBuildPhase;
			buildActionMask = 2147483647;
			files = (
				AA000000000000000000001D /* TaskSnapWidgets.swift in Sources */,
			);
			runOnlyForDeploymentPostprocessing = 0;
		};
/* End PBXSourcesBuildPhase section */

/* Begin PBXTargetDependency section */
		AA3000000000000000000002 /* PBXTargetDependency */ = {
			isa = PBXTargetDependency;
			target = AA2000000000000000000002 /* TaskSnap */;
			targetProxy = AA3000000000000000000001 /* PBXContainerItemProxy */;
		};
/* End PBXTargetDependency section */

/* Begin XCBuildConfiguration section */
		AA7000000000000000000001 /* Debug */ = {
			isa = XCBuildConfiguration;
			buildSettings = {
				ALWAYS_SEARCH_USER_PATHS = NO;
				ASSETCATALOG_COMPILER_GENERATE_SWIFT_ASSET_SYMBOLS = NO;
				ASSETCATALOG_COMPILER_GENERATE_SWIFT_ASSET_SYMBOL_EXTENSIONS = YES;
				CLANG_ANALYZER_NONNULL = YES;
				CLANG_ANALYZER_NUMBER_OBJECT_CONVERSION = YES_AGGRESSIVE;
				CLANG_CXX_LANGUAGE_STANDARD = "gnu++20";
				CLANG_ENABLE_MODULES = YES;
				CLANG_ENABLE_OBJC_ARC = YES;
				CLANG_ENABLE_OBJC_WEAK = YES;
				CLANG_WARN_BLOCK_CAPTURE_AUTORELEASING = YES;
				CLANG_WARN_BOOL_CONVERSION = YES;
				CLANG_WARN_COMMA = YES;
				CLANG_WARN_CONSTANT_CONVERSION = YES;
				CLANG_WARN_DEPRECATED_OBJC_IMPLEMENTATIONS = YES;
				CLANG_WARN_DIRECT_OBJC_ISA_USAGE = YES_ERROR;
				CLANG_WARN_DOCUMENTATION_COMMENTS = YES;
				CLANG_WARN_EMPTY_BODY = YES;
				CLANG_WARN_ENUM_CONVERSION = YES;
				CLANG_WARN_INFINITE_RECURSION = YES;
				CLANG_WARN_INT_CONVERSION = YES;
				CLANG_WARN_NON_LITERAL_NULL_CONVERSION = YES;
				CLANG_WARN_OBJC_IMPLICIT_RETAIN_SELF = YES;
				CLANG_WARN_OBJC_LITERAL_CONVERSION = YES;
				CLANG_WARN_OBJC_ROOT_CLASS = YES_ERROR;
				CLANG_WARN_QUOTED_INCLUDE_IN_FRAMEWORK_HEADER = YES;
				CLANG_WARN_RANGE_LOOP_ANALYSIS = YES;
				CLANG_WARN_STRICT_PROTOTYPES = YES;
				CLANG_WARN_SUSPICIOUS_MOVE = YES;
				CLANG_WARN_UNGUARDED_AVAILABILITY = YES_AGGRESSIVE;
				CLANG_WARN_UNREACHABLE_CODE = YES;
				CLANG_WARN__DUPLICATE_METHOD_MATCH = YES;
				COPY_PHASE_STRIP = NO;
				DEBUG_INFORMATION_FORMAT = dwarf;
				ENABLE_STRICT_OBJC_MSGSEND = YES;
				ENABLE_TESTABILITY = YES;
				ENABLE_USER_SCRIPT_SANDBOXING = YES;
				GCC_C_LANGUAGE_STANDARD = gnu17;
				GCC_DYNAMIC_NO_PIC = NO;
				GCC_NO_COMMON_BLOCKS = YES;
				GCC_OPTIMIZATION_LEVEL = 0;
				GCC_PREPROCESSOR_DEFINITIONS = (
					"DEBUG=1",
					"$(inherited)",
				);
				GCC_WARN_64_TO_32_BIT_CONVERSION = YES;
				GCC_WARN_ABOUT_RETURN_TYPE = YES_ERROR;
				GCC_WARN_UNDECLARED_SELECTOR = YES;
				GCC_WARN_UNINITIALIZED_AUTOS = YES_AGGRESSIVE;
				GCC_WARN_UNUSED_FUNCTION = YES;
				GCC_WARN_UNUSED_VARIABLE = YES;
				IPHONEOS_DEPLOYMENT_TARGET = 16.0;
				LOCALIZATION_PREFERS_STRING_CATALOGS = YES;
				MTL_ENABLE_DEBUG_INFO = INCLUDE_SOURCE;
				MTL_FAST_MATH = YES;
				ONLY_ACTIVE_ARCH = YES;
				SDKROOT = iphoneos;
				STRING_CATALOG_GENERATE_SYMBOLS = YES;
				SWIFT_ACTIVE_COMPILATION_CONDITIONS = "DEBUG $(inherited)";
				SWIFT_OPTIMIZATION_LEVEL = "-Onone";
			};
			name = Debug;
		};
		AA7000000000000000000002 /* Release */ = {
			isa = XCBuildConfiguration;
			buildSettings = {
				ALWAYS_SEARCH_USER_PATHS = NO;
				ASSETCATALOG_COMPILER_GENERATE_SWIFT_ASSET_SYMBOLS = NO;
				ASSETCATALOG_COMPILER_GENERATE_SWIFT_ASSET_SYMBOL_EXTENSIONS = YES;
				CLANG_ANALYZER_NONNULL = YES;
				CLANG_ANALYZER_NUMBER_OBJECT_CONVERSION = YES_AGGRESSIVE;
				CLANG_CXX_LANGUAGE_STANDARD = "gnu++20";
				CLANG_ENABLE_MODULES = YES;
				CLANG_ENABLE_OBJC_ARC = YES;
				CLANG_ENABLE_OBJC_WEAK = YES;
				CLANG_WARN_BLOCK_CAPTURE_AUTORELEASING = YES;
				CLANG_WARN_BOOL_CONVERSION = YES;
				CLANG_WARN_COMMA = YES;
				CLANG_WARN_CONSTANT_CONVERSION = YES;
				CLANG_WARN_DEPRECATED_OBJC_IMPLEMENTATIONS = YES;
				CLANG_WARN_DIRECT_OBJC_ISA_USAGE = YES_ERROR;
				CLANG_WARN_DOCUMENTATION_COMMENTS = YES;
				CLANG_WARN_EMPTY_BODY = YES;
				CLANG_WARN_ENUM_CONVERSION = YES;
				CLANG_WARN_INFINITE_RECURSION = YES;
				CLANG_WARN_INT_CONVERSION = YES;
				CLANG_WARN_NON_LITERAL_NULL_CONVERSION = YES;
				CLANG_WARN_OBJC_IMPLICIT_RETAIN_SELF = YES;
				CLANG_WARN_OBJC_LITERAL_CONVERSION = YES;
				CLANG_WARN_OBJC_ROOT_CLASS = YES_ERROR;
				CLANG_WARN_QUOTED_INCLUDE_IN_FRAMEWORK_HEADER = YES;
				CLANG_WARN_RANGE_LOOP_ANALYSIS = YES;
				CLANG_WARN_STRICT_PROTOTYPES = YES;
				CLANG_WARN_SUSPICIOUS_MOVE = YES;
				CLANG_WARN_UNGUARDED_AVAILABILITY = YES_AGGRESSIVE;
				CLANG_WARN_UNREACHABLE_CODE = YES;
				CLANG_WARN__DUPLICATE_METHOD_MATCH = YES;
				COPY_PHASE_STRIP = NO;
				DEBUG_INFORMATION_FORMAT = "dwarf-with-dsym";
				ENABLE_NS_ASSERTIONS = NO;
				ENABLE_STRICT_OBJC_MSGSEND = YES;
				ENABLE_USER_SCRIPT_SANDBOXING = YES;
				GCC_C_LANGUAGE_STANDARD = gnu17;
				GCC_NO_COMMON_BLOCKS = YES;
				GCC_WARN_64_TO_32_BIT_CONVERSION = YES;
				GCC_WARN_ABOUT_RETURN_TYPE = YES_ERROR;
				GCC_WARN_UNDECLARED_SELECTOR = YES;
				GCC_WARN_UNINITIALIZED_AUTOS = YES_AGGRESSIVE;
				GCC_WARN_UNUSED_FUNCTION = YES;
				GCC_WARN_UNUSED_VARIABLE = YES;
				IPHONEOS_DEPLOYMENT_TARGET = 16.0;
				LOCALIZATION_PREFERS_STRING_CATALOGS = YES;
				MTL_ENABLE_DEBUG_INFO = NO;
				MTL_FAST_MATH = YES;
				SDKROOT = iphoneos;
				STRING_CATALOG_GENERATE_SYMBOLS = YES;
				SWIFT_COMPILATION_MODE = wholemodule;
				VALIDATE_PRODUCT = YES;
			};
			name = Release;
		};
		AA7000000000000000000003 /* Debug */ = {
			isa = XCBuildConfiguration;
			buildSettings = {
				ASSETCATALOG_COMPILER_APPICON_NAME = AppIcon;
				ASSETCATALOG_COMPILER_GLOBAL_ACCENT_COLOR_NAME = AccentColor;
				CODE_SIGN_ENTITLEMENTS = TaskSnap/TaskSnap.entitlements;
				CODE_SIGN_STYLE = Automatic;
				CURRENT_PROJECT_VERSION = 1;
				DEVELOPMENT_ASSET_PATHS = "";
				DEVELOPMENT_TEAM = 7QTVLH9C2T;
				ENABLE_PREVIEWS = YES;
				GENERATE_INFOPLIST_FILE = YES;
				INFOPLIST_FILE = TaskSnap/Info.plist;
				INFOPLIST_KEY_CFBundleDisplayName = TaskSnap;
				INFOPLIST_KEY_LSApplicationCategoryType = "public.app-category.productivity";
				INFOPLIST_KEY_UIApplicationSceneManifest_Generation = YES;
				INFOPLIST_KEY_UIApplicationSupportsIndirectInputEvents = YES;
				INFOPLIST_KEY_UILaunchScreen_Generation = YES;
				INFOPLIST_KEY_UISupportedInterfaceOrientations = UIInterfaceOrientationPortrait;
				INFOPLIST_KEY_UISupportedInterfaceOrientations_iPad = "UIInterfaceOrientationLandscapeLeft UIInterfaceOrientationLandscapeRight UIInterfaceOrientationPortrait UIInterfaceOrientationPortraitUpsideDown";
				IPHONEOS_DEPLOYMENT_TARGET = 17.6;
				LD_RUNPATH_SEARCH_PATHS = (
					"$(inherited)",
					"@executable_path/Frameworks",
				);
				MARKETING_VERSION = 1.0;
				PRODUCT_BUNDLE_IDENTIFIER = com.warnergears.TaskSnap;
				PRODUCT_NAME = "$(TARGET_NAME)";
				SWIFT_EMIT_LOC_STRINGS = YES;
				SWIFT_VERSION = 5.0;
				TARGETED_DEVICE_FAMILY = "1,2";
			};
			name = Debug;
		};
		AA7000000000000000000004 /* Release */ = {
			isa = XCBuildConfiguration;
			buildSettings = {
				ASSETCATALOG_COMPILER_APPICON_NAME = AppIcon;
				ASSETCATALOG_COMPILER_GLOBAL_ACCENT_COLOR_NAME = AccentColor;
				CODE_SIGN_ENTITLEMENTS = TaskSnap/TaskSnap.entitlements;
				CODE_SIGN_STYLE = Automatic;
				CURRENT_PROJECT_VERSION = 1;
				DEVELOPMENT_ASSET_PATHS = "";
				DEVELOPMENT_TEAM = 7QTVLH9C2T;
				ENABLE_PREVIEWS = YES;
				GENERATE_INFOPLIST_FILE = YES;
				INFOPLIST_FILE = TaskSnap/Info.plist;
				INFOPLIST_KEY_CFBundleDisplayName = TaskSnap;
				INFOPLIST_KEY_LSApplicationCategoryType = "public.app-category.productivity";
				INFOPLIST_KEY_UIApplicationSceneManifest_Generation = YES;
				INFOPLIST_KEY_UIApplicationSupportsIndirectInputEvents = YES;
				INFOPLIST_KEY_UILaunchScreen_Generation = YES;
				INFOPLIST_KEY_UISupportedInterfaceOrientations = UIInterfaceOrientationPortrait;
				INFOPLIST_KEY_UISupportedInterfaceOrientations_iPad = "UIInterfaceOrientationLandscapeLeft UIInterfaceOrientationLandscapeRight UIInterfaceOrientationPortrait UIInterfaceOrientationPortraitUpsideDown";
				IPHONEOS_DEPLOYMENT_TARGET = 17.6;
				LD_RUNPATH_SEARCH_PATHS = (
					"$(inherited)",
					"@executable_path/Frameworks",
				);
				MARKETING_VERSION = 1.0;
				PRODUCT_BUNDLE_IDENTIFIER = com.warnergears.TaskSnap;
				PRODUCT_NAME = "$(TARGET_NAME)";
				SWIFT_EMIT_LOC_STRINGS = YES;
				SWIFT_VERSION = 5.0;
				TARGETED_DEVICE_FAMILY = "1,2";
			};
			name = Release;
		};
		AA7000000000000000000005 /* Debug */ = {
			isa = XCBuildConfiguration;
			buildSettings = {
				ASSETCATALOG_COMPILER_GLOBAL_ACCENT_COLOR_NAME = AccentColor;
				ASSETCATALOG_COMPILER_WIDGET_BACKGROUND_COLOR_NAME = WidgetBackground;
				CODE_SIGN_ENTITLEMENTS = TaskSnapWidgets/TaskSnapWidgets.entitlements;
				CODE_SIGN_STYLE = Automatic;
				CURRENT_PROJECT_VERSION = 1;
				DEVELOPMENT_TEAM = 7QTVLH9C2T;
				GENERATE_INFOPLIST_FILE = YES;
				INFOPLIST_FILE = TaskSnapWidgets/Info.plist;
				INFOPLIST_KEY_CFBundleDisplayName = TaskSnapWidgets;
				INFOPLIST_KEY_NSHumanReadableCopyright = "";
				IPHONEOS_DEPLOYMENT_TARGET = 16.0;
				LD_RUNPATH_SEARCH_PATHS = (
					"$(inherited)",
					"@executable_path/Frameworks",
					"@executable_path/../../Frameworks",
				);
				MARKETING_VERSION = 1.0;
				PRODUCT_BUNDLE_IDENTIFIER = com.warnergears.TaskSnap.TaskSnapWidgets;
				PRODUCT_NAME = "$(TARGET_NAME)";
				SKIP_INSTALL = YES;
				SWIFT_EMIT_LOC_STRINGS = YES;
				SWIFT_VERSION = 5.0;
				TARGETED_DEVICE_FAMILY = "1,2";
			};
			name = Debug;
		};
		AA7000000000000000000006 /* Release */ = {
			isa = XCBuildConfiguration;
			buildSettings = {
				ASSETCATALOG_COMPILER_GLOBAL_ACCENT_COLOR_NAME = AccentColor;
				ASSETCATALOG_COMPILER_WIDGET_BACKGROUND_COLOR_NAME = WidgetBackground;
				CODE_SIGN_ENTITLEMENTS = TaskSnapWidgets/TaskSnapWidgets.entitlements;
				CODE_SIGN_STYLE = Automatic;
				CURRENT_PROJECT_VERSION = 1;
				DEVELOPMENT_TEAM = 7QTVLH9C2T;
				GENERATE_INFOPLIST_FILE = YES;
				INFOPLIST_FILE = TaskSnapWidgets/Info.plist;
				INFOPLIST_KEY_CFBundleDisplayName = TaskSnapWidgets;
				INFOPLIST_KEY_NSHumanReadableCopyright = "";
				IPHONEOS_DEPLOYMENT_TARGET = 16.0;
				LD_RUNPATH_SEARCH_PATHS = (
					"$(inherited)",
					"@executable_path/Frameworks",
					"@executable_path/../../Frameworks",
				);
				MARKETING_VERSION = 1.0;
				PRODUCT_BUNDLE_IDENTIFIER = com.warnergears.TaskSnap.TaskSnapWidgets;
				PRODUCT_NAME = "$(TARGET_NAME)";
				SKIP_INSTALL = YES;
				SWIFT_EMIT_LOC_STRINGS = YES;
				SWIFT_VERSION = 5.0;
				TARGETED_DEVICE_FAMILY = "1,2";
			};
			name = Release;
		};
/* End XCBuildConfiguration section */

/* Begin XCConfigurationList section */
		AA6000000000000000000001 /* Build configuration list for PBXNativeTarget "TaskSnap" */ = {
			isa = XCConfigurationList;
			buildConfigurations = (
				AA7000000000000000000003 /* Debug */,
				AA7000000000000000000004 /* Release */,
			);
			defaultConfigurationIsVisible = 0;
			defaultConfigurationName = Release;
		};
		AA6000000000000000000002 /* Build configuration list for PBXNativeTarget "TaskSnapWidgetsExtension" */ = {
			isa = XCConfigurationList;
			buildConfigurations = (
				AA7000000000000000000005 /* Debug */,
				AA7000000000000000000006 /* Release */,
			);
			defaultConfigurationIsVisible = 0;
			defaultConfigurationName = Release;
		};
		AA6000000000000000000003 /* Build configuration list for PBXProject "TaskSnap" */ = {
			isa = XCConfigurationList;
			buildConfigurations = (
				AA7000000000000000000001 /* Debug */,
				AA7000000000000000000002 /* Release */,
			);
			defaultConfigurationIsVisible = 0;
			defaultConfigurationName = Release;
		};
/* End XCConfigurationList section */

/* Begin XCVersionGroup section */
		AA1000000000000000000016 /* TaskSnap.xcdatamodeld */ = {
			isa = XCVersionGroup;
			children = (
				AA1000000000000000000050 /* TaskSnap.xcdatamodel */,
			);
			currentVersion = AA1000000000000000000050 /* TaskSnap.xcdatamodel */;
			path = TaskSnap.xcdatamodeld;
			sourceTree = "<group>";
			versionGroupType = wrapper.xcdatamodel;
		};
/* End XCVersionGroup section */
	};
	rootObject = AA4000000000000000000001 /* Project object */;
}
